
Microsoft Visual Studio Solution File, Format Version 12.00
# Visual Studio Version 17
VisualStudioVersion = 17.1.32120.378
MinimumVisualStudioVersion = 10.0.40219.1
Project("{FAE04EC0-301F-11D3-BF4B-00C04F79EFBC}") = "db_market_crawler", "db_market_crawler\db_market_crawler.csproj", "{EDA7247B-9CFB-4B45-99BC-E2DD25F3C859}"
EndProject
Global
	GlobalSection(SolutionConfigurationPlatforms) = preSolution
		Debug|Any CPU = Debug|Any CPU
		Release|Any CPU = Release|Any CPU
	EndGlobalSection
	GlobalSection(ProjectConfigurationPlatforms) = postSolution
		{EDA7247B-9CFB-4B45-99BC-E2DD25F3C859}.Debug|Any CPU.ActiveCfg = Debug|Any CPU
		{EDA7247B-9CFB-4B45-99BC-E2DD25F3C859}.Debug|Any CPU.Build.0 = Debug|Any CPU
		{EDA7247B-9CFB-4B45-99BC-E2DD25F3C859}.Release|Any CPU.ActiveCfg = Release|Any CPU
		{EDA7247B-9CFB-4B45-99BC-E2DD25F3C859}.Release|Any CPU.Build.0 = Release|Any CPU
	EndGlobalSection
	GlobalSection(SolutionProperties) = preSolution
		HideSolutionNode = FALSE
	EndGlobalSection
	GlobalSection(ExtensibilityGlobals) = postSolution
		SolutionGuid = {74BCE9BC-4153-4296-8605-28211DB72A9E}
	EndGlobalSection
EndGlobal
